
Microsoft Visual Studio Solution File, Format Version 12.00
# Visual Studio 15
VisualStudioVersion = 15.0.28307.329
MinimumVisualStudioVersion = 10.0.40219.1
Project("{11A8DD76-328B-46DF-9F39-F559912D0360}") = "Microsoft.Azure.Devices.Client.NF", "Microsoft.Azure.Devices.Client.NF\Microsoft.Azure.Devices.Client.NF.nfproj", "{D7FB9DA8-2943-4D88-A217-D5194777E9DC}"
EndProject
Global
	GlobalSection(SolutionConfigurationPlatforms) = preSolution
		Debug|Any CPU = Debug|Any CPU
		Release|Any CPU = Release|Any CPU
	EndGlobalSection
	GlobalSection(ProjectConfigurationPlatforms) = postSolution
		{D7FB9DA8-2943-4D88-A217-D5194777E9DC}.Debug|Any CPU.ActiveCfg = Debug|Any CPU
		{D7FB9DA8-2943-4D88-A217-D5194777E9DC}.Debug|Any CPU.Build.0 = Debug|Any CPU
		{D7FB9DA8-2943-4D88-A217-D5194777E9DC}.Debug|Any CPU.Deploy.0 = Debug|Any CPU
		{D7FB9DA8-2943-4D88-A217-D5194777E9DC}.Release|Any CPU.ActiveCfg = Release|Any CPU
		{D7FB9DA8-2943-4D88-A217-D5194777E9DC}.Release|Any CPU.Build.0 = Release|Any CPU
		{D7FB9DA8-2943-4D88-A217-D5194777E9DC}.Release|Any CPU.Deploy.0 = Release|Any CPU
	EndGlobalSection
	GlobalSection(SolutionProperties) = preSolution
		HideSolutionNode = FALSE
	EndGlobalSection
	GlobalSection(ExtensibilityGlobals) = postSolution
		SolutionGuid = {C838CB02-B7C8-4C30-B7BF-042FA72FCCCB}
	EndGlobalSection
EndGlobal
